
Microsoft Visual Studio Solution File, Format Version 12.00
# Visual Studio Version 17
VisualStudioVersion = 17.9.34616.47
MinimumVisualStudioVersion = 10.0.40219.1
Project("{9A19103F-16F7-4668-BE54-9A1E7A4F7556}") = "WPFAsyncCode", "WPFAsyncCode\WPFAsyncCode.csproj", "{144670CB-6396-488C-A76D-2E03A3B69E78}"
EndProject
Project("{9A19103F-16F7-4668-BE54-9A1E7A4F7556}") = "01AsyncTest", "AsyncTest\01AsyncTest.csproj", "{0FA2D20A-6C8A-45A9-8974-A87EE0178851}"
EndProject
Project("{9A19103F-16F7-4668-BE54-9A1E7A4F7556}") = "02AsyncTest", "02AsyncTest\02AsyncTest.csproj", "{76886D6E-A6DF-4522-9BB6-BF1962277E83}"
EndProject
Project("{9A19103F-16F7-4668-BE54-9A1E7A4F7556}") = "03AsyncTest", "03AsyncTest\03AsyncTest.csproj", "{DF9946D3-764D-4EBC-9262-B240AFC08237}"
EndProject
Project("{9A19103F-16F7-4668-BE54-9A1E7A4F7556}") = "04AsyncTest", "04AsyncTest\04AsyncTest.csproj", "{52179ABE-910A-41A3-AAE0-580A2772F8EB}"
EndProject
Project("{9A19103F-16F7-4668-BE54-9A1E7A4F7556}") = "05IAsyncEnnumerble", "05AsyncTest\05IAsyncEnnumerble.csproj", "{C418AD33-9023-4400-8877-550FE29EB0B0}"
EndProject
Project("{9A19103F-16F7-4668-BE54-9A1E7A4F7556}") = "06yield", "06yield\06yield.csproj", "{1AB409C6-6CCD-470F-8A36-EBF6A6170C29}"
EndProject
Project("{9A19103F-16F7-4668-BE54-9A1E7A4F7556}") = "07IAsyncEnummerator", "07IAsyncEnummerator\07IAsyncEnummerator.csproj", "{4509424D-31E5-4F3F-8A4A-0FD759DBADFD}"
EndProject
Project("{2150E333-8FDC-42A3-9474-1A3956D46DE8}") = "4 병렬처리 기초", "4 병렬처리 기초", "{0A86553D-B963-41FF-8591-943DA42F8DFE}"
EndProject
Project("{2150E333-8FDC-42A3-9474-1A3956D46DE8}") = "3 비동기 스트림", "3 비동기 스트림", "{8573C48D-5384-482D-A912-79EA2F0DB9C8}"
EndProject
Project("{9A19103F-16F7-4668-BE54-9A1E7A4F7556}") = "5 Parallel AsOrdered", "5 Parallel AsOrdered\5 Parallel AsOrdered.csproj", "{EAF48108-46CF-436B-98E1-26E017253CF5}"
EndProject
Project("{2150E333-8FDC-42A3-9474-1A3956D46DE8}") = "5 데이터 흐름의 기초", "5 데이터 흐름의 기초", "{7CD8842A-10FB-4A79-B718-FCC82F55E6A7}"
EndProject
Project("{FAE04EC0-301F-11D3-BF4B-00C04F79EFBC}") = "TPL 데이터 흐름", "TPL 데이터 흐름\TPL 데이터 흐름.csproj", "{3F98098B-8E36-4800-ABDF-5CF3179CE9D5}"
EndProject
Project("{FAE04EC0-301F-11D3-BF4B-00C04F79EFBC}") = "BatchBlock_and_BatchedJoinBlock", "BatchBlock_and_BatchedJoinBlock\BatchBlock_and_BatchedJoinBlock.csproj", "{EB21DF21-7CA2-4E46-BEB1-74CAEF03DA42}"
EndProject
Global
	GlobalSection(SolutionConfigurationPlatforms) = preSolution
		Debug|Any CPU = Debug|Any CPU
		Release|Any CPU = Release|Any CPU
	EndGlobalSection
	GlobalSection(ProjectConfigurationPlatforms) = postSolution
		{144670CB-6396-488C-A76D-2E03A3B69E78}.Debug|Any CPU.ActiveCfg = Debug|Any CPU
		{144670CB-6396-488C-A76D-2E03A3B69E78}.Debug|Any CPU.Build.0 = Debug|Any CPU
		{144670CB-6396-488C-A76D-2E03A3B69E78}.Release|Any CPU.ActiveCfg = Release|Any CPU
		{144670CB-6396-488C-A76D-2E03A3B69E78}.Release|Any CPU.Build.0 = Release|Any CPU
		{0FA2D20A-6C8A-45A9-8974-A87EE0178851}.Debug|Any CPU.ActiveCfg = Debug|Any CPU
		{0FA2D20A-6C8A-45A9-8974-A87EE0178851}.Debug|Any CPU.Build.0 = Debug|Any CPU
		{0FA2D20A-6C8A-45A9-8974-A87EE0178851}.Release|Any CPU.ActiveCfg = Release|Any CPU
		{0FA2D20A-6C8A-45A9-8974-A87EE0178851}.Release|Any CPU.Build.0 = Release|Any CPU
		{76886D6E-A6DF-4522-9BB6-BF1962277E83}.Debug|Any CPU.ActiveCfg = Debug|Any CPU
		{76886D6E-A6DF-4522-9BB6-BF1962277E83}.Debug|Any CPU.Build.0 = Debug|Any CPU
		{76886D6E-A6DF-4522-9BB6-BF1962277E83}.Release|Any CPU.ActiveCfg = Release|Any CPU
		{76886D6E-A6DF-4522-9BB6-BF1962277E83}.Release|Any CPU.Build.0 = Release|Any CPU
		{DF9946D3-764D-4EBC-9262-B240AFC08237}.Debug|Any CPU.ActiveCfg = Debug|Any CPU
		{DF9946D3-764D-4EBC-9262-B240AFC08237}.Debug|Any CPU.Build.0 = Debug|Any CPU
		{DF9946D3-764D-4EBC-9262-B240AFC08237}.Release|Any CPU.ActiveCfg = Release|Any CPU
		{DF9946D3-764D-4EBC-9262-B240AFC08237}.Release|Any CPU.Build.0 = Release|Any CPU
		{52179ABE-910A-41A3-AAE0-580A2772F8EB}.Debug|Any CPU.ActiveCfg = Debug|Any CPU
		{52179ABE-910A-41A3-AAE0-580A2772F8EB}.Debug|Any CPU.Build.0 = Debug|Any CPU
		{52179ABE-910A-41A3-AAE0-580A2772F8EB}.Release|Any CPU.ActiveCfg = Release|Any CPU
		{52179ABE-910A-41A3-AAE0-580A2772F8EB}.Release|Any CPU.Build.0 = Release|Any CPU
		{C418AD33-9023-4400-8877-550FE29EB0B0}.Debug|Any CPU.ActiveCfg = Debug|Any CPU
		{C418AD33-9023-4400-8877-550FE29EB0B0}.Debug|Any CPU.Build.0 = Debug|Any CPU
		{C418AD33-9023-4400-8877-550FE29EB0B0}.Release|Any CPU.ActiveCfg = Release|Any CPU
		{C418AD33-9023-4400-8877-550FE29EB0B0}.Release|Any CPU.Build.0 = Release|Any CPU
		{1AB409C6-6CCD-470F-8A36-EBF6A6170C29}.Debug|Any CPU.ActiveCfg = Debug|Any CPU
		{1AB409C6-6CCD-470F-8A36-EBF6A6170C29}.Debug|Any CPU.Build.0 = Debug|Any CPU
		{1AB409C6-6CCD-470F-8A36-EBF6A6170C29}.Release|Any CPU.ActiveCfg = Release|Any CPU
		{1AB409C6-6CCD-470F-8A36-EBF6A6170C29}.Release|Any CPU.Build.0 = Release|Any CPU
		{4509424D-31E5-4F3F-8A4A-0FD759DBADFD}.Debug|Any CPU.ActiveCfg = Debug|Any CPU
		{4509424D-31E5-4F3F-8A4A-0FD759DBADFD}.Debug|Any CPU.Build.0 = Debug|Any CPU
		{4509424D-31E5-4F3F-8A4A-0FD759DBADFD}.Release|Any CPU.ActiveCfg = Release|Any CPU
		{4509424D-31E5-4F3F-8A4A-0FD759DBADFD}.Release|Any CPU.Build.0 = Release|Any CPU
		{EAF48108-46CF-436B-98E1-26E017253CF5}.Debug|Any CPU.ActiveCfg = Debug|Any CPU
		{EAF48108-46CF-436B-98E1-26E017253CF5}.Debug|Any CPU.Build.0 = Debug|Any CPU
		{EAF48108-46CF-436B-98E1-26E017253CF5}.Release|Any CPU.ActiveCfg = Release|Any CPU
		{EAF48108-46CF-436B-98E1-26E017253CF5}.Release|Any CPU.Build.0 = Release|Any CPU
		{3F98098B-8E36-4800-ABDF-5CF3179CE9D5}.Debug|Any CPU.ActiveCfg = Debug|Any CPU
		{3F98098B-8E36-4800-ABDF-5CF3179CE9D5}.Debug|Any CPU.Build.0 = Debug|Any CPU
		{3F98098B-8E36-4800-ABDF-5CF3179CE9D5}.Release|Any CPU.ActiveCfg = Release|Any CPU
		{3F98098B-8E36-4800-ABDF-5CF3179CE9D5}.Release|Any CPU.Build.0 = Release|Any CPU
		{EB21DF21-7CA2-4E46-BEB1-74CAEF03DA42}.Debug|Any CPU.ActiveCfg = Debug|Any CPU
		{EB21DF21-7CA2-4E46-BEB1-74CAEF03DA42}.Debug|Any CPU.Build.0 = Debug|Any CPU
		{EB21DF21-7CA2-4E46-BEB1-74CAEF03DA42}.Release|Any CPU.ActiveCfg = Release|Any CPU
		{EB21DF21-7CA2-4E46-BEB1-74CAEF03DA42}.Release|Any CPU.Build.0 = Release|Any CPU
	EndGlobalSection
	GlobalSection(SolutionProperties) = preSolution
		HideSolutionNode = FALSE
	EndGlobalSection
	GlobalSection(NestedProjects) = preSolution
		{144670CB-6396-488C-A76D-2E03A3B69E78} = {8573C48D-5384-482D-A912-79EA2F0DB9C8}
		{0FA2D20A-6C8A-45A9-8974-A87EE0178851} = {8573C48D-5384-482D-A912-79EA2F0DB9C8}
		{76886D6E-A6DF-4522-9BB6-BF1962277E83} = {8573C48D-5384-482D-A912-79EA2F0DB9C8}
		{DF9946D3-764D-4EBC-9262-B240AFC08237} = {8573C48D-5384-482D-A912-79EA2F0DB9C8}
		{52179ABE-910A-41A3-AAE0-580A2772F8EB} = {8573C48D-5384-482D-A912-79EA2F0DB9C8}
		{C418AD33-9023-4400-8877-550FE29EB0B0} = {8573C48D-5384-482D-A912-79EA2F0DB9C8}
		{1AB409C6-6CCD-470F-8A36-EBF6A6170C29} = {8573C48D-5384-482D-A912-79EA2F0DB9C8}
		{4509424D-31E5-4F3F-8A4A-0FD759DBADFD} = {8573C48D-5384-482D-A912-79EA2F0DB9C8}
		{EAF48108-46CF-436B-98E1-26E017253CF5} = {0A86553D-B963-41FF-8591-943DA42F8DFE}
		{3F98098B-8E36-4800-ABDF-5CF3179CE9D5} = {7CD8842A-10FB-4A79-B718-FCC82F55E6A7}
		{EB21DF21-7CA2-4E46-BEB1-74CAEF03DA42} = {7CD8842A-10FB-4A79-B718-FCC82F55E6A7}
	EndGlobalSection
	GlobalSection(ExtensibilityGlobals) = postSolution
		SolutionGuid = {B43711C5-3998-4D78-B004-1E77E1989640}
	EndGlobalSection
EndGlobal
