
Microsoft Visual Studio Solution File, Format Version 12.00
# Visual Studio Version 17
VisualStudioVersion = 17.9.34723.18
MinimumVisualStudioVersion = 10.0.40219.1
Project("{9A19103F-16F7-4668-BE54-9A1E7A4F7556}") = "Rx_Demo", "Rx_Demo\Rx_Demo.csproj", "{EE1D6CC1-007B-4DC8-9C5D-08301F0C78D7}"
EndProject
Project("{FAE04EC0-301F-11D3-BF4B-00C04F79EFBC}") = "ReactiveProgrammingTests", "ReactiveProgrammingTests\ReactiveProgrammingTests.csproj", "{30DF6761-0303-40F2-9801-56099BBB2206}"
EndProject
Global
	GlobalSection(SolutionConfigurationPlatforms) = preSolution
		Debug|Any CPU = Debug|Any CPU
		Release|Any CPU = Release|Any CPU
	EndGlobalSection
	GlobalSection(ProjectConfigurationPlatforms) = postSolution
		{EE1D6CC1-007B-4DC8-9C5D-08301F0C78D7}.Debug|Any CPU.ActiveCfg = Debug|Any CPU
		{EE1D6CC1-007B-4DC8-9C5D-08301F0C78D7}.Debug|Any CPU.Build.0 = Debug|Any CPU
		{EE1D6CC1-007B-4DC8-9C5D-08301F0C78D7}.Release|Any CPU.ActiveCfg = Release|Any CPU
		{EE1D6CC1-007B-4DC8-9C5D-08301F0C78D7}.Release|Any CPU.Build.0 = Release|Any CPU
		{30DF6761-0303-40F2-9801-56099BBB2206}.Debug|Any CPU.ActiveCfg = Debug|Any CPU
		{30DF6761-0303-40F2-9801-56099BBB2206}.Debug|Any CPU.Build.0 = Debug|Any CPU
		{30DF6761-0303-40F2-9801-56099BBB2206}.Release|Any CPU.ActiveCfg = Release|Any CPU
		{30DF6761-0303-40F2-9801-56099BBB2206}.Release|Any CPU.Build.0 = Release|Any CPU
	EndGlobalSection
	GlobalSection(SolutionProperties) = preSolution
		HideSolutionNode = FALSE
	EndGlobalSection
	GlobalSection(ExtensibilityGlobals) = postSolution
		SolutionGuid = {F90B0D4C-FFB1-4AB5-8474-6320056A243C}
	EndGlobalSection
EndGlobal
